
Microsoft Visual Studio Solution File, Format Version 12.00
# Visual Studio Version 17
VisualStudioVersion = 17.4.33213.308
MinimumVisualStudioVersion = 10.0.40219.1
Project("{FAE04EC0-301F-11D3-BF4B-00C04F79EFBC}") = "AddingAnnotationToChart.Server", "Server\AddingAnnotationToChart.Server.csproj", "{0D97A109-7D65-47C4-A4E3-4ACB5DE73E0C}"
EndProject
Project("{FAE04EC0-301F-11D3-BF4B-00C04F79EFBC}") = "AddingAnnotationToChart.Client", "Client\AddingAnnotationToChart.Client.csproj", "{28097CBC-56B0-48A3-97BE-FCD56222C8DF}"
EndProject
Project("{FAE04EC0-301F-11D3-BF4B-00C04F79EFBC}") = "AddingAnnotationToChart.Shared", "Shared\AddingAnnotationToChart.Shared.csproj", "{6EAE14CE-A265-431F-AA9F-C09CE4BEE761}"
EndProject
Global
	GlobalSection(SolutionConfigurationPlatforms) = preSolution
		Debug|Any CPU = Debug|Any CPU
		Release|Any CPU = Release|Any CPU
	EndGlobalSection
	GlobalSection(ProjectConfigurationPlatforms) = postSolution
		{0D97A109-7D65-47C4-A4E3-4ACB5DE73E0C}.Debug|Any CPU.ActiveCfg = Debug|Any CPU
		{0D97A109-7D65-47C4-A4E3-4ACB5DE73E0C}.Debug|Any CPU.Build.0 = Debug|Any CPU
		{0D97A109-7D65-47C4-A4E3-4ACB5DE73E0C}.Release|Any CPU.ActiveCfg = Release|Any CPU
		{0D97A109-7D65-47C4-A4E3-4ACB5DE73E0C}.Release|Any CPU.Build.0 = Release|Any CPU
		{28097CBC-56B0-48A3-97BE-FCD56222C8DF}.Debug|Any CPU.ActiveCfg = Debug|Any CPU
		{28097CBC-56B0-48A3-97BE-FCD56222C8DF}.Debug|Any CPU.Build.0 = Debug|Any CPU
		{28097CBC-56B0-48A3-97BE-FCD56222C8DF}.Release|Any CPU.ActiveCfg = Release|Any CPU
		{28097CBC-56B0-48A3-97BE-FCD56222C8DF}.Release|Any CPU.Build.0 = Release|Any CPU
		{6EAE14CE-A265-431F-AA9F-C09CE4BEE761}.Debug|Any CPU.ActiveCfg = Debug|Any CPU
		{6EAE14CE-A265-431F-AA9F-C09CE4BEE761}.Debug|Any CPU.Build.0 = Debug|Any CPU
		{6EAE14CE-A265-431F-AA9F-C09CE4BEE761}.Release|Any CPU.ActiveCfg = Release|Any CPU
		{6EAE14CE-A265-431F-AA9F-C09CE4BEE761}.Release|Any CPU.Build.0 = Release|Any CPU
	EndGlobalSection
	GlobalSection(SolutionProperties) = preSolution
		HideSolutionNode = FALSE
	EndGlobalSection
	GlobalSection(ExtensibilityGlobals) = postSolution
		SolutionGuid = {744AF5CF-643D-4F9F-9C8D-FAFC296707CB}
	EndGlobalSection
EndGlobal
